{
  "version": 4,
  "terraform_version": "1.15.5",
  "serial": 7,
  "lineage": "85919dec-d57f-69d2-b6ec-8a6a91996c3d",
  "outputs": {},
  "resources": [
    {
      "mode": "managed",
      "type": "local_file",
      "name": "ansible_inventory",
      "provider": "provider[\"registry.terraform.io/hashicorp/local\"]",
      "instances": [
        {
          "schema_version": 0,
          "attributes": {
            "content": "# inventory.tmpl.yml\nall:\n  children:\n    builders:\n      hosts:\n        builder:\n          ansible_host: 51.250.41.172\n          ansible_user: superuser\n          ansible_ssh_private_key_file: ./keys/study4\n          ansible_python_interpreter: /usr/bin/python3\n    appsrv:\n      hosts:\n        appsrv:\n          ansible_host: 158.160.211.185\n          ansible_user: superuser\n          ansible_ssh_private_key_file: ./keys/study4\n          ansible_python_interpreter: /usr/bin/python3",
            "content_base64": null,
            "content_base64sha256": "w/QO3EoHdUr88Of9o0p2cx+WBgySbhldxC/zzH0Mnu8=",
            "content_base64sha512": "7Qq6Bu1PNgtzMxyvcMrTgHnoWPM8kiapFx9L4hcdI6SYKXdR5Ch8mp3s64oKBnli5VTmHAFw5D4f9N8YX5ZT3g==",
            "content_md5": "9808d576e74da53ce62368dd1b215854",
            "content_sha1": "60f60157c6c28d6da1542338f601c3b6cb703a2a",
            "content_sha256": "c3f40edc4a07754afcf0e7fda34a76731f96060c926e195dc42ff3cc7d0c9eef",
            "content_sha512": "ed0aba06ed4f360b73331caf70cad38079e858f33c9226a9171f4be2171d23a498297751e4287c9a9deceb8a0a067962e554e61c0170e43e1ff4df185f9653de",
            "directory_permission": "0777",
            "file_permission": "0777",
            "filename": "../ansible/inventory/hosts.yml",
            "id": "60f60157c6c28d6da1542338f601c3b6cb703a2a",
            "sensitive_content": null,
            "source": null
          },
          "sensitive_attributes": [
            [
              {
                "type": "get_attr",
                "value": "sensitive_content"
              }
            ]
          ],
          "identity_schema_version": 0,
          "dependencies": [
            "module.builder.yandex_compute_instance.builder_vm",
            "module.runner.yandex_compute_instance.runner_vm"
          ]
        }
      ]
    },
    {
      "module": "module.builder",
      "mode": "data",
      "type": "yandex_compute_image",
      "name": "os_image",
      "provider": "provider[\"registry.terraform.io/yandex-cloud/yandex\"]",
      "instances": [
        {
          "schema_version": 0,
          "attributes": {
            "created_at": "2026-06-08T18:36:42Z",
            "description": "Ubuntu 20.04 lts v20260529010332",
            "family": "ubuntu-2004-lts",
            "folder_id": "standard-images",
            "hardware_generation": [
              {
                "generation2_features": [],
                "legacy_features": [
                  {
                    "pci_topology": "PCI_TOPOLOGY_V2"
                  }
                ]
              }
            ],
            "id": "fd8ucl971l0m6c5o8179",
            "image_id": "fd8ucl971l0m6c5o8179",
            "kms_key_id": null,
            "labels": {
              "version": "20260529010332",
              "x-hopper-operation-id": "d9pq6jnhonlcdd4b2a00",
              "x-hopper-source-image-id": "fd8u24o3et59oremj09r"
            },
            "min_disk_size": 5,
            "name": "ubuntu-20-04-lts-v20260608",
            "os_type": "linux",
            "pooled": true,
            "product_ids": [
              "f2e9l86pdehalb5otcuo"
            ],
            "size": 2,
            "status": "ready"
          },
          "sensitive_attributes": [],
          "identity_schema_version": 0
        }
      ]
    },
    {
      "module": "module.builder",
      "mode": "managed",
      "type": "yandex_compute_instance",
      "name": "builder_vm",
      "provider": "provider[\"registry.terraform.io/yandex-cloud/yandex\"]",
      "instances": [
        {
          "schema_version": 1,
          "attributes": {
            "allow_recreate": null,
            "allow_stopping_for_update": null,
            "boot_disk": [
              {
                "auto_delete": true,
                "device_name": "fv48rbe5a630siigtsp7",
                "disk_id": "fv48rbe5a630siigtsp7",
                "initialize_params": [
                  {
                    "block_size": 4096,
                    "description": "",
                    "image_id": "fd8lp60fqu55vosk2hup",
                    "kms_key_id": "",
                    "name": "",
                    "size": 20,
                    "snapshot_id": "",
                    "type": "network-ssd"
                  }
                ],
                "mode": "READ_WRITE"
              }
            ],
            "created_at": "2026-06-12T11:29:50Z",
            "description": "",
            "filesystem": [],
            "folder_id": "b1gc3bh5hoi0vva6ch7n",
            "fqdn": "builder.ru-central1.internal",
            "gpu_cluster_id": "",
            "hardware_generation": [
              {
                "generation2_features": [],
                "legacy_features": [
                  {
                    "pci_topology": "PCI_TOPOLOGY_V2"
                  }
                ]
              }
            ],
            "hostname": "builder",
            "id": "fv4nee689vr83dr3dlvn",
            "labels": null,
            "local_disk": [],
            "maintenance_grace_period": "",
            "maintenance_policy": null,
            "metadata": {
              "user-data": "---------------------------metadata\n#cloud-config\ndatasource:\n Ec2:\n  strict_id: false\nssh_pwauth: no\nusers:\n- name: superuser\n  sudo: ALL=(ALL) NOPASSWD:ALL\n  shell: /bin/bash\n  ssh_authorized_keys:\n  - ssh-ed25519 AAAAC3NzaC1lZDI1NTE5AAAAII7iNEkaW8NfUEQve85jf4IVW9fBjoXxk+IrlxkF+ctz superuser@fedora\n\n---------------------------------platform\nstandard-v4a\n"
            },
            "metadata_options": [
              {
                "aws_v1_http_endpoint": 1,
                "aws_v1_http_token": 2,
                "aws_v2_http_endpoint": 1,
                "aws_v2_http_token": 1,
                "gce_http_endpoint": 1,
                "gce_http_token": 1
              }
            ],
            "name": "builder-vm",
            "network_acceleration_type": "standard",
            "network_interface": [
              {
                "dns_record": [],
                "index": 0,
                "ip_address": "10.130.0.37",
                "ipv4": true,
                "ipv6": false,
                "ipv6_address": "",
                "ipv6_dns_record": [],
                "mac_address": "d0:0d:17:73:8c:84",
                "nat": true,
                "nat_dns_record": [],
                "nat_ip_address": "51.250.41.172",
                "nat_ip_version": "IPV4",
                "security_group_ids": [
                  "enpoj8jrko9rsm0m0ump"
                ],
                "subnet_id": "fl81ed0u0lg91husofkr"
              }
            ],
            "placement_policy": [
              {
                "host_affinity_rules": [],
                "placement_group_id": "",
                "placement_group_partition": 0
              }
            ],
            "platform_id": "standard-v4a",
            "resources": [
              {
                "core_fraction": 50,
                "cores": 2,
                "gpus": 0,
                "memory": 2
              }
            ],
            "scheduling_policy": [
              {
                "preemptible": true
              }
            ],
            "secondary_disk": [],
            "service_account_id": "",
            "status": "running",
            "timeouts": null,
            "zone": "ru-central1-d"
          },
          "sensitive_attributes": [],
          "identity_schema_version": 0,
          "private": "eyJlMmJmYjczMC1lY2FhLTExZTYtOGY4OC0zNDM2M2JjN2M0YzAiOnsiY3JlYXRlIjozMDAwMDAwMDAwMDAsImRlbGV0ZSI6MzAwMDAwMDAwMDAwLCJ1cGRhdGUiOjMwMDAwMDAwMDAwMH0sInNjaGVtYV92ZXJzaW9uIjoiMSJ9"
        }
      ]
    },
    {
      "module": "module.runner",
      "mode": "data",
      "type": "yandex_compute_image",
      "name": "os_image",
      "provider": "provider[\"registry.terraform.io/yandex-cloud/yandex\"]",
      "instances": [
        {
          "schema_version": 0,
          "attributes": {
            "created_at": "2026-06-08T18:36:42Z",
            "description": "Ubuntu 20.04 lts v20260529010332",
            "family": "ubuntu-2004-lts",
            "folder_id": "standard-images",
            "hardware_generation": [
              {
                "generation2_features": [],
                "legacy_features": [
                  {
                    "pci_topology": "PCI_TOPOLOGY_V2"
                  }
                ]
              }
            ],
            "id": "fd8ucl971l0m6c5o8179",
            "image_id": "fd8ucl971l0m6c5o8179",
            "kms_key_id": null,
            "labels": {
              "version": "20260529010332",
              "x-hopper-operation-id": "d9pq6jnhonlcdd4b2a00",
              "x-hopper-source-image-id": "fd8u24o3et59oremj09r"
            },
            "min_disk_size": 5,
            "name": "ubuntu-20-04-lts-v20260608",
            "os_type": "linux",
            "pooled": true,
            "product_ids": [
              "f2e9l86pdehalb5otcuo"
            ],
            "size": 2,
            "status": "ready"
          },
          "sensitive_attributes": [],
          "identity_schema_version": 0
        }
      ]
    },
    {
      "module": "module.runner",
      "mode": "managed",
      "type": "yandex_compute_instance",
      "name": "runner_vm",
      "provider": "provider[\"registry.terraform.io/yandex-cloud/yandex\"]",
      "instances": [
        {
          "schema_version": 1,
          "attributes": {
            "allow_recreate": null,
            "allow_stopping_for_update": null,
            "boot_disk": [
              {
                "auto_delete": true,
                "device_name": "fv41bqb181j417vo983n",
                "disk_id": "fv41bqb181j417vo983n",
                "initialize_params": [
                  {
                    "block_size": 4096,
                    "description": "",
                    "image_id": "fd8lp60fqu55vosk2hup",
                    "kms_key_id": "",
                    "name": "",
                    "size": 20,
                    "snapshot_id": "",
                    "type": "network-ssd"
                  }
                ],
                "mode": "READ_WRITE"
              }
            ],
            "created_at": "2026-06-12T11:29:50Z",
            "description": "",
            "filesystem": [],
            "folder_id": "b1gc3bh5hoi0vva6ch7n",
            "fqdn": "appsrv.ru-central1.internal",
            "gpu_cluster_id": "",
            "hardware_generation": [
              {
                "generation2_features": [],
                "legacy_features": [
                  {
                    "pci_topology": "PCI_TOPOLOGY_V2"
                  }
                ]
              }
            ],
            "hostname": "appsrv",
            "id": "fv485tmq3nvgm8pc1lp1",
            "labels": null,
            "local_disk": [],
            "maintenance_grace_period": "",
            "maintenance_policy": null,
            "metadata": {
              "user-data": "---------------------------metadata\n#cloud-config\ndatasource:\n Ec2:\n  strict_id: false\nssh_pwauth: no\nusers:\n- name: superuser\n  sudo: ALL=(ALL) NOPASSWD:ALL\n  shell: /bin/bash\n  ssh_authorized_keys:\n  - ssh-ed25519 AAAAC3NzaC1lZDI1NTE5AAAAII7iNEkaW8NfUEQve85jf4IVW9fBjoXxk+IrlxkF+ctz superuser@fedora\n\n---------------------------------platform\nstandard-v4a\n"
            },
            "metadata_options": [
              {
                "aws_v1_http_endpoint": 1,
                "aws_v1_http_token": 2,
                "aws_v2_http_endpoint": 1,
                "aws_v2_http_token": 1,
                "gce_http_endpoint": 1,
                "gce_http_token": 1
              }
            ],
            "name": "runner",
            "network_acceleration_type": "standard",
            "network_interface": [
              {
                "dns_record": [],
                "index": 0,
                "ip_address": "10.130.0.15",
                "ipv4": true,
                "ipv6": false,
                "ipv6_address": "",
                "ipv6_dns_record": [],
                "mac_address": "d0:0d:82:f6:da:1d",
                "nat": true,
                "nat_dns_record": [],
                "nat_ip_address": "158.160.211.185",
                "nat_ip_version": "IPV4",
                "security_group_ids": [
                  "enpoj8jrko9rsm0m0ump"
                ],
                "subnet_id": "fl81ed0u0lg91husofkr"
              }
            ],
            "placement_policy": [
              {
                "host_affinity_rules": [],
                "placement_group_id": "",
                "placement_group_partition": 0
              }
            ],
            "platform_id": "standard-v4a",
            "resources": [
              {
                "core_fraction": 100,
                "cores": 2,
                "gpus": 0,
                "memory": 2
              }
            ],
            "scheduling_policy": [
              {
                "preemptible": false
              }
            ],
            "secondary_disk": [],
            "service_account_id": "",
            "status": "running",
            "timeouts": null,
            "zone": "ru-central1-d"
          },
          "sensitive_attributes": [],
          "identity_schema_version": 0,
          "private": "eyJlMmJmYjczMC1lY2FhLTExZTYtOGY4OC0zNDM2M2JjN2M0YzAiOnsiY3JlYXRlIjozMDAwMDAwMDAwMDAsImRlbGV0ZSI6MzAwMDAwMDAwMDAwLCJ1cGRhdGUiOjMwMDAwMDAwMDAwMH0sInNjaGVtYV92ZXJzaW9uIjoiMSJ9"
        }
      ]
    }
  ],
  "check_results": null
}
